
Microsoft Visual Studio Solution File, Format Version 12.00
# Visual Studio 14
VisualStudioVersion = 14.0.25420.1
MinimumVisualStudioVersion = 10.0.40219.1
Project("{FAE04EC0-301F-11D3-BF4B-00C04F79EFBC}") = "MvcAuth", "MvcAuth\MvcAuth.csproj", "{17710848-2DA9-460C-AA81-03CEA012358C}"
EndProject
Project("{FAE04EC0-301F-11D3-BF4B-00C04F79EFBC}") = "MvcAuth.Tests", "MvcAuth.Tests\MvcAuth.Tests.csproj", "{0A5D3EB6-95D0-4E9B-9110-B1ECD569AAE2}"
EndProject
Global
	GlobalSection(SolutionConfigurationPlatforms) = preSolution
		Debug|Any CPU = Debug|Any CPU
		Release|Any CPU = Release|Any CPU
	EndGlobalSection
	GlobalSection(ProjectConfigurationPlatforms) = postSolution
		{17710848-2DA9-460C-AA81-03CEA012358C}.Debug|Any CPU.ActiveCfg = Debug|Any CPU
		{17710848-2DA9-460C-AA81-03CEA012358C}.Debug|Any CPU.Build.0 = Debug|Any CPU
		{17710848-2DA9-460C-AA81-03CEA012358C}.Release|Any CPU.ActiveCfg = Release|Any CPU
		{17710848-2DA9-460C-AA81-03CEA012358C}.Release|Any CPU.Build.0 = Release|Any CPU
		{0A5D3EB6-95D0-4E9B-9110-B1ECD569AAE2}.Debug|Any CPU.ActiveCfg = Debug|Any CPU
		{0A5D3EB6-95D0-4E9B-9110-B1ECD569AAE2}.Debug|Any CPU.Build.0 = Debug|Any CPU
		{0A5D3EB6-95D0-4E9B-9110-B1ECD569AAE2}.Release|Any CPU.ActiveCfg = Release|Any CPU
		{0A5D3EB6-95D0-4E9B-9110-B1ECD569AAE2}.Release|Any CPU.Build.0 = Release|Any CPU
	EndGlobalSection
	GlobalSection(SolutionProperties) = preSolution
		HideSolutionNode = FALSE
	EndGlobalSection
EndGlobal
