
Microsoft Visual Studio Solution File, Format Version 12.00
# Visual Studio 14
VisualStudioVersion = 14.0.25420.1
MinimumVisualStudioVersion = 10.0.40219.1
Project("{FAE04EC0-301F-11D3-BF4B-00C04F79EFBC}") = "Tweeter", "Tweeter\Tweeter.csproj", "{88636073-3BFA-4603-A635-4B35A5A4F367}"
EndProject
Project("{FAE04EC0-301F-11D3-BF4B-00C04F79EFBC}") = "Tweeter.Tests", "Tweeter.Tests\Tweeter.Tests.csproj", "{89FDDA6B-69DB-477C-8003-EB7EB3E191FB}"
EndProject
Global
	GlobalSection(SolutionConfigurationPlatforms) = preSolution
		Debug|Any CPU = Debug|Any CPU
		Release|Any CPU = Release|Any CPU
	EndGlobalSection
	GlobalSection(ProjectConfigurationPlatforms) = postSolution
		{88636073-3BFA-4603-A635-4B35A5A4F367}.Debug|Any CPU.ActiveCfg = Debug|Any CPU
		{88636073-3BFA-4603-A635-4B35A5A4F367}.Debug|Any CPU.Build.0 = Debug|Any CPU
		{88636073-3BFA-4603-A635-4B35A5A4F367}.Release|Any CPU.ActiveCfg = Release|Any CPU
		{88636073-3BFA-4603-A635-4B35A5A4F367}.Release|Any CPU.Build.0 = Release|Any CPU
		{89FDDA6B-69DB-477C-8003-EB7EB3E191FB}.Debug|Any CPU.ActiveCfg = Debug|Any CPU
		{89FDDA6B-69DB-477C-8003-EB7EB3E191FB}.Debug|Any CPU.Build.0 = Debug|Any CPU
		{89FDDA6B-69DB-477C-8003-EB7EB3E191FB}.Release|Any CPU.ActiveCfg = Release|Any CPU
		{89FDDA6B-69DB-477C-8003-EB7EB3E191FB}.Release|Any CPU.Build.0 = Release|Any CPU
	EndGlobalSection
	GlobalSection(SolutionProperties) = preSolution
		HideSolutionNode = FALSE
	EndGlobalSection
EndGlobal
